
Microsoft Visual Studio Solution File, Format Version 11.00
# Visual C++ Express 2010
Project("{8BC9CEB8-8B4A-11D0-8D11-00A0C91BC942}") = "Tanks Wars", "Tanks Wars\Tanks Wars.vcxproj", "{2360A523-24A3-4C65-9F98-F076DC7DC350}"
EndProject
Global
	GlobalSection(SolutionConfigurationPlatforms) = preSolution
		Debug|Win32 = Debug|Win32
		Release|Win32 = Release|Win32
	EndGlobalSection
	GlobalSection(ProjectConfigurationPlatforms) = postSolution
		{2360A523-24A3-4C65-9F98-F076DC7DC350}.Debug|Win32.ActiveCfg = Debug|Win32
		{2360A523-24A3-4C65-9F98-F076DC7DC350}.Debug|Win32.Build.0 = Debug|Win32
		{2360A523-24A3-4C65-9F98-F076DC7DC350}.Release|Win32.ActiveCfg = Release|Win32
		{2360A523-24A3-4C65-9F98-F076DC7DC350}.Release|Win32.Build.0 = Release|Win32
	EndGlobalSection
	GlobalSection(SolutionProperties) = preSolution
		HideSolutionNode = FALSE
	EndGlobalSection
EndGlobal
